{
  "pins" : [
    {
      "identity" : "opencombine",
      "kind" : "remoteSourceControl",
      "location" : "https://github.com/OpenCombine/OpenCombine.git",
      "state" : {
        "revision" : "8576f0d579b27020beccbccc3ea6844f3ddfc2c2",
        "version" : "0.14.0"
      }
    },
    {
      "identity" : "taskmanagementsdk",
      "kind" : "remoteSourceControl",
      "location" : "https://github.com/6vedant/TaskManagementSDK.git",
      "state" : {
        "branch" : "main",
        "revision" : "941c9fab0b1c500a9d5339df53e56ec2492fdb7e"
      }
    }
  ],
  "version" : 2
}
